// !$*UTF8*$!
{
	archiveVersion = 1;
	classes = {
	};
	objectVersion = 46;
	objects = {

/* Begin PBXBuildFile section */
		4084F42C1B55967300C09160 /* main.m in Sources */ = {isa = PBXBuildFile; fileRef = 4084F42B1B55967300C09160 /* main.m */; };
		4084F42F1B55967300C09160 /* AppDelegate.m in Sources */ = {isa = PBXBuildFile; fileRef = 4084F42E1B55967300C09160 /* AppDelegate.m */; };
		4084F4321B55967300C09160 /* ViewController.m in Sources */ = {isa = PBXBuildFile; fileRef = 4084F4311B55967300C09160 /* ViewController.m */; };
		4084F4351B55967300C09160 /* Main.storyboard in Resources */ = {isa = PBXBuildFile; fileRef = 4084F4331B55967300C09160 /* Main.storyboard */; };
		4084F4371B55967300C09160 /* Images.xcassets in Resources */ = {isa = PBXBuildFile; fileRef = 4084F4361B55967300C09160 /* Images.xcassets */; };
		4084F43A1B55967300C09160 /* LaunchScreen.xib in Resources */ = {isa = PBXBuildFile; fileRef = 4084F4381B55967300C09160 /* LaunchScreen.xib */; };
		4084F4461B55967300C09160 /* WebviewDemoTests.m in Sources */ = {isa = PBXBuildFile; fileRef = 4084F4451B55967300C09160 /* WebviewDemoTests.m */; };
		40E660281C97D29E00D1FBB9 /* RequestHandler.m in Sources */ = {isa = PBXBuildFile; fileRef = 40E660271C97D29E00D1FBB9 /* RequestHandler.m */; };
		40E6602C1C97D29E00D1FBB9 /* ShareLinks.appex in Embed App Extensions */ = {isa = PBXBuildFile; fileRef = 40E660241C97D29D00D1FBB9 /* ShareLinks.appex */; settings = {ATTRIBUTES = (RemoveHeadersOnCopy, ); }; };
		40E660391C97DDED00D1FBB9 /* ShareViewController.m in Sources */ = {isa = PBXBuildFile; fileRef = 40E660381C97DDED00D1FBB9 /* ShareViewController.m */; };
		40E6603C1C97DDED00D1FBB9 /* MainInterface.storyboard in Resources */ = {isa = PBXBuildFile; fileRef = 40E6603A1C97DDED00D1FBB9 /* MainInterface.storyboard */; };
		40E660401C97DDED00D1FBB9 /* Share.appex in Embed App Extensions */ = {isa = PBXBuildFile; fileRef = 40E660351C97DDED00D1FBB9 /* Share.appex */; settings = {ATTRIBUTES = (RemoveHeadersOnCopy, ); }; };
/* End PBXBuildFile section */

/* Begin PBXContainerItemProxy section */
		4084F4401B55967300C09160 /* PBXContainerItemProxy */ = {
			isa = PBXContainerItemProxy;
			containerPortal = 4084F41E1B55967300C09160 /* Project object */;
			proxyType = 1;
			remoteGlobalIDString = 4084F4251B55967300C09160;
			remoteInfo = WebviewDemo;
		};
		40E6602A1C97D29E00D1FBB9 /* PBXContainerItemProxy */ = {
			isa = PBXContainerItemProxy;
			containerPortal = 4084F41E1B55967300C09160 /* Project object */;
			proxyType = 1;
			remoteGlobalIDString = 40E660231C97D29D00D1FBB9;
			remoteInfo = ShareLinks;
		};
		40E6603E1C97DDED00D1FBB9 /* PBXContainerItemProxy */ = {
			isa = PBXContainerItemProxy;
			containerPortal = 4084F41E1B55967300C09160 /* Project object */;
			proxyType = 1;
			remoteGlobalIDString = 40E660341C97DDED00D1FBB9;
			remoteInfo = Share;
		};
/* End PBXContainerItemProxy section */

/* Begin PBXCopyFilesBuildPhase section */
		40E660301C97D29E00D1FBB9 /* Embed App Extensions */ = {
			isa = PBXCopyFilesBuildPhase;
			buildActionMask = 2147483647;
			dstPath = "";
			dstSubfolderSpec = 13;
			files = (
				40E660401C97DDED00D1FBB9 /* Share.appex in Embed App Extensions */,
				40E6602C1C97D29E00D1FBB9 /* ShareLinks.appex in Embed App Extensions */,
			);
			name = "Embed App Extensions";
			runOnlyForDeploymentPostprocessing = 0;
		};
/* End PBXCopyFilesBuildPhase section */

/* Begin PBXFileReference section */
		4084F4261B55967300C09160 /* WebviewDemo.app */ = {isa = PBXFileReference; explicitFileType = wrapper.application; includeInIndex = 0; path = WebviewDemo.app; sourceTree = BUILT_PRODUCTS_DIR; };
		4084F42A1B55967300C09160 /* Info.plist */ = {isa = PBXFileReference; lastKnownFileType = text.plist.xml; path = Info.plist; sourceTree = "<group>"; };
		4084F42B1B55967300C09160 /* main.m */ = {isa = PBXFileReference; lastKnownFileType = sourcecode.c.objc; path = main.m; sourceTree = "<group>"; };
		4084F42D1B55967300C09160 /* AppDelegate.h */ = {isa = PBXFileReference; lastKnownFileType = sourcecode.c.h; path = AppDelegate.h; sourceTree = "<group>"; };
		4084F42E1B55967300C09160 /* AppDelegate.m */ = {isa = PBXFileReference; lastKnownFileType = sourcecode.c.objc; path = AppDelegate.m; sourceTree = "<group>"; };
		4084F4301B55967300C09160 /* ViewController.h */ = {isa = PBXFileReference; lastKnownFileType = sourcecode.c.h; path = ViewController.h; sourceTree = "<group>"; };
		4084F4311B55967300C09160 /* ViewController.m */ = {isa = PBXFileReference; lastKnownFileType = sourcecode.c.objc; path = ViewController.m; sourceTree = "<group>"; };
		4084F4341B55967300C09160 /* Base */ = {isa = PBXFileReference; lastKnownFileType = file.storyboard; name = Base; path = Base.lproj/Main.storyboard; sourceTree = "<group>"; };
		4084F4361B55967300C09160 /* Images.xcassets */ = {isa = PBXFileReference; lastKnownFileType = folder.assetcatalog; path = Images.xcassets; sourceTree = "<group>"; };
		4084F4391B55967300C09160 /* Base */ = {isa = PBXFileReference; lastKnownFileType = file.xib; name = Base; path = Base.lproj/LaunchScreen.xib; sourceTree = "<group>"; };
		4084F43F1B55967300C09160 /* WebviewDemoTests.xctest */ = {isa = PBXFileReference; explicitFileType = wrapper.cfbundle; includeInIndex = 0; path = WebviewDemoTests.xctest; sourceTree = BUILT_PRODUCTS_DIR; };
		4084F4441B55967300C09160 /* Info.plist */ = {isa = PBXFileReference; lastKnownFileType = text.plist.xml; path = Info.plist; sourceTree = "<group>"; };
		4084F4451B55967300C09160 /* WebviewDemoTests.m */ = {isa = PBXFileReference; lastKnownFileType = sourcecode.c.objc; path = WebviewDemoTests.m; sourceTree = "<group>"; };
		40E660241C97D29D00D1FBB9 /* ShareLinks.appex */ = {isa = PBXFileReference; explicitFileType = "wrapper.app-extension"; includeInIndex = 0; path = ShareLinks.appex; sourceTree = BUILT_PRODUCTS_DIR; };
		40E660261C97D29E00D1FBB9 /* RequestHandler.h */ = {isa = PBXFileReference; lastKnownFileType = sourcecode.c.h; path = RequestHandler.h; sourceTree = "<group>"; };
		40E660271C97D29E00D1FBB9 /* RequestHandler.m */ = {isa = PBXFileReference; lastKnownFileType = sourcecode.c.objc; path = RequestHandler.m; sourceTree = "<group>"; };
		40E660291C97D29E00D1FBB9 /* Info.plist */ = {isa = PBXFileReference; lastKnownFileType = text.plist.xml; path = Info.plist; sourceTree = "<group>"; };
		40E660351C97DDED00D1FBB9 /* Share.appex */ = {isa = PBXFileReference; explicitFileType = "wrapper.app-extension"; includeInIndex = 0; path = Share.appex; sourceTree = BUILT_PRODUCTS_DIR; };
		40E660371C97DDED00D1FBB9 /* ShareViewController.h */ = {isa = PBXFileReference; lastKnownFileType = sourcecode.c.h; path = ShareViewController.h; sourceTree = "<group>"; };
		40E660381C97DDED00D1FBB9 /* ShareViewController.m */ = {isa = PBXFileReference; lastKnownFileType = sourcecode.c.objc; path = ShareViewController.m; sourceTree = "<group>"; };
		40E6603B1C97DDED00D1FBB9 /* Base */ = {isa = PBXFileReference; lastKnownFileType = file.storyboard; name = Base; path = Base.lproj/MainInterface.storyboard; sourceTree = "<group>"; };
		40E6603D1C97DDED00D1FBB9 /* Info.plist */ = {isa = PBXFileReference; lastKnownFileType = text.plist.xml; path = Info.plist; sourceTree = "<group>"; };
/* End PBXFileReference section */

/* Begin PBXFrameworksBuildPhase section */
		4084F4231B55967300C09160 /* Frameworks */ = {
			isa = PBXFrameworksBuildPhase;
			buildActionMask = 2147483647;
			files = (
			);
			runOnlyForDeploymentPostprocessing = 0;
		};
		4084F43C1B55967300C09160 /* Frameworks */ = {
			isa = PBXFrameworksBuildPhase;
			buildActionMask = 2147483647;
			files = (
			);
			runOnlyForDeploymentPostprocessing = 0;
		};
		40E660211C97D29D00D1FBB9 /* Frameworks */ = {
			isa = PBXFrameworksBuildPhase;
			buildActionMask = 2147483647;
			files = (
			);
			runOnlyForDeploymentPostprocessing = 0;
		};
		40E660321C97DDED00D1FBB9 /* Frameworks */ = {
			isa = PBXFrameworksBuildPhase;
			buildActionMask = 2147483647;
			files = (
			);
			runOnlyForDeploymentPostprocessing = 0;
		};
/* End PBXFrameworksBuildPhase section */

/* Begin PBXGroup section */
		4084F41D1B55967300C09160 = {
			isa = PBXGroup;
			children = (
				4084F4281B55967300C09160 /* WebviewDemo */,
				4084F4421B55967300C09160 /* WebviewDemoTests */,
				40E660251C97D29E00D1FBB9 /* ShareLinks */,
				40E660361C97DDED00D1FBB9 /* Share */,
				4084F4271B55967300C09160 /* Products */,
			);
			sourceTree = "<group>";
		};
		4084F4271B55967300C09160 /* Products */ = {
			isa = PBXGroup;
			children = (
				4084F4261B55967300C09160 /* WebviewDemo.app */,
				4084F43F1B55967300C09160 /* WebviewDemoTests.xctest */,
				40E660241C97D29D00D1FBB9 /* ShareLinks.appex */,
				40E660351C97DDED00D1FBB9 /* Share.appex */,
			);
			name = Products;
			sourceTree = "<group>";
		};
		4084F4281B55967300C09160 /* WebviewDemo */ = {
			isa = PBXGroup;
			children = (
				4084F42D1B55967300C09160 /* AppDelegate.h */,
				4084F42E1B55967300C09160 /* AppDelegate.m */,
				4084F4301B55967300C09160 /* ViewController.h */,
				4084F4311B55967300C09160 /* ViewController.m */,
				4084F4331B55967300C09160 /* Main.storyboard */,
				4084F4361B55967300C09160 /* Images.xcassets */,
				4084F4381B55967300C09160 /* LaunchScreen.xib */,
				4084F4291B55967300C09160 /* Supporting Files */,
			);
			path = WebviewDemo;
			sourceTree = "<group>";
		};
		4084F4291B55967300C09160 /* Supporting Files */ = {
			isa = PBXGroup;
			children = (
				4084F42A1B55967300C09160 /* Info.plist */,
				4084F42B1B55967300C09160 /* main.m */,
			);
			name = "Supporting Files";
			sourceTree = "<group>";
		};
		4084F4421B55967300C09160 /* WebviewDemoTests */ = {
			isa = PBXGroup;
			children = (
				4084F4451B55967300C09160 /* WebviewDemoTests.m */,
				4084F4431B55967300C09160 /* Supporting Files */,
			);
			path = WebviewDemoTests;
			sourceTree = "<group>";
		};
		4084F4431B55967300C09160 /* Supporting Files */ = {
			isa = PBXGroup;
			children = (
				4084F4441B55967300C09160 /* Info.plist */,
			);
			name = "Supporting Files";
			sourceTree = "<group>";
		};
		40E660251C97D29E00D1FBB9 /* ShareLinks */ = {
			isa = PBXGroup;
			children = (
				40E660261C97D29E00D1FBB9 /* RequestHandler.h */,
				40E660271C97D29E00D1FBB9 /* RequestHandler.m */,
				40E660291C97D29E00D1FBB9 /* Info.plist */,
			);
			path = ShareLinks;
			sourceTree = "<group>";
		};
		40E660361C97DDED00D1FBB9 /* Share */ = {
			isa = PBXGroup;
			children = (
				40E660371C97DDED00D1FBB9 /* ShareViewController.h */,
				40E660381C97DDED00D1FBB9 /* ShareViewController.m */,
				40E6603A1C97DDED00D1FBB9 /* MainInterface.storyboard */,
				40E6603D1C97DDED00D1FBB9 /* Info.plist */,
			);
			path = Share;
			sourceTree = "<group>";
		};
/* End PBXGroup section */

/* Begin PBXNativeTarget section */
		4084F4251B55967300C09160 /* WebviewDemo */ = {
			isa = PBXNativeTarget;
			buildConfigurationList = 4084F4491B55967300C09160 /* Build configuration list for PBXNativeTarget "WebviewDemo" */;
			buildPhases = (
				4084F4221B55967300C09160 /* Sources */,
				4084F4231B55967300C09160 /* Frameworks */,
				4084F4241B55967300C09160 /* Resources */,
				40E660301C97D29E00D1FBB9 /* Embed App Extensions */,
			);
			buildRules = (
			);
			dependencies = (
				40E6602B1C97D29E00D1FBB9 /* PBXTargetDependency */,
				40E6603F1C97DDED00D1FBB9 /* PBXTargetDependency */,
			);
			name = WebviewDemo;
			productName = WebviewDemo;
			productReference = 4084F4261B55967300C09160 /* WebviewDemo.app */;
			productType = "com.apple.product-type.application";
		};
		4084F43E1B55967300C09160 /* WebviewDemoTests */ = {
			isa = PBXNativeTarget;
			buildConfigurationList = 4084F44C1B55967300C09160 /* Build configuration list for PBXNativeTarget "WebviewDemoTests" */;
			buildPhases = (
				4084F43B1B55967300C09160 /* Sources */,
				4084F43C1B55967300C09160 /* Frameworks */,
				4084F43D1B55967300C09160 /* Resources */,
			);
			buildRules = (
			);
			dependencies = (
				4084F4411B55967300C09160 /* PBXTargetDependency */,
			);
			name = WebviewDemoTests;
			productName = WebviewDemoTests;
			productReference = 4084F43F1B55967300C09160 /* WebviewDemoTests.xctest */;
			productType = "com.apple.product-type.bundle.unit-test";
		};
		40E660231C97D29D00D1FBB9 /* ShareLinks */ = {
			isa = PBXNativeTarget;
			buildConfigurationList = 40E6602F1C97D29E00D1FBB9 /* Build configuration list for PBXNativeTarget "ShareLinks" */;
			buildPhases = (
				40E660201C97D29D00D1FBB9 /* Sources */,
				40E660211C97D29D00D1FBB9 /* Frameworks */,
				40E660221C97D29D00D1FBB9 /* Resources */,
			);
			buildRules = (
			);
			dependencies = (
			);
			name = ShareLinks;
			productName = ShareLinks;
			productReference = 40E660241C97D29D00D1FBB9 /* ShareLinks.appex */;
			productType = "com.apple.product-type.app-extension";
		};
		40E660341C97DDED00D1FBB9 /* Share */ = {
			isa = PBXNativeTarget;
			buildConfigurationList = 40E660411C97DDED00D1FBB9 /* Build configuration list for PBXNativeTarget "Share" */;
			buildPhases = (
				40E660311C97DDED00D1FBB9 /* Sources */,
				40E660321C97DDED00D1FBB9 /* Frameworks */,
				40E660331C97DDED00D1FBB9 /* Resources */,
			);
			buildRules = (
			);
			dependencies = (
			);
			name = Share;
			productName = Share;
			productReference = 40E660351C97DDED00D1FBB9 /* Share.appex */;
			productType = "com.apple.product-type.app-extension";
		};
/* End PBXNativeTarget section */

/* Begin PBXProject section */
		4084F41E1B55967300C09160 /* Project object */ = {
			isa = PBXProject;
			attributes = {
				LastUpgradeCheck = 0640;
				ORGANIZATIONNAME = com.text;
				TargetAttributes = {
					4084F4251B55967300C09160 = {
						CreatedOnToolsVersion = 6.4;
					};
					4084F43E1B55967300C09160 = {
						CreatedOnToolsVersion = 6.4;
						TestTargetID = 4084F4251B55967300C09160;
					};
					40E660231C97D29D00D1FBB9 = {
						CreatedOnToolsVersion = 7.2.1;
					};
					40E660341C97DDED00D1FBB9 = {
						CreatedOnToolsVersion = 7.2.1;
					};
				};
			};
			buildConfigurationList = 4084F4211B55967300C09160 /* Build configuration list for PBXProject "WebviewDemo" */;
			compatibilityVersion = "Xcode 3.2";
			developmentRegion = English;
			hasScannedForEncodings = 0;
			knownRegions = (
				en,
				Base,
			);
			mainGroup = 4084F41D1B55967300C09160;
			productRefGroup = 4084F4271B55967300C09160 /* Products */;
			projectDirPath = "";
			projectRoot = "";
			targets = (
				4084F4251B55967300C09160 /* WebviewDemo */,
				4084F43E1B55967300C09160 /* WebviewDemoTests */,
				40E660231C97D29D00D1FBB9 /* ShareLinks */,
				40E660341C97DDED00D1FBB9 /* Share */,
			);
		};
/* End PBXProject section */

/* Begin PBXResourcesBuildPhase section */
		4084F4241B55967300C09160 /* Resources */ = {
			isa = PBXResourcesBuildPhase;
			buildActionMask = 2147483647;
			files = (
				4084F4351B55967300C09160 /* Main.storyboard in Resources */,
				4084F43A1B55967300C09160 /* LaunchScreen.xib in Resources */,
				4084F4371B55967300C09160 /* Images.xcassets in Resources */,
			);
			runOnlyForDeploymentPostprocessing = 0;
		};
		4084F43D1B55967300C09160 /* Resources */ = {
			isa = PBXResourcesBuildPhase;
			buildActionMask = 2147483647;
			files = (
			);
			runOnlyForDeploymentPostprocessing = 0;
		};
		40E660221C97D29D00D1FBB9 /* Resources */ = {
			isa = PBXResourcesBuildPhase;
			buildActionMask = 2147483647;
			files = (
			);
			runOnlyForDeploymentPostprocessing = 0;
		};
		40E660331C97DDED00D1FBB9 /* Resources */ = {
			isa = PBXResourcesBuildPhase;
			buildActionMask = 2147483647;
			files = (
				40E6603C1C97DDED00D1FBB9 /* MainInterface.storyboard in Resources */,
			);
			runOnlyForDeploymentPostprocessing = 0;
		};
/* End PBXResourcesBuildPhase section */

/* Begin PBXSourcesBuildPhase section */
		4084F4221B55967300C09160 /* Sources */ = {
			isa = PBXSourcesBuildPhase;
			buildActionMask = 2147483647;
			files = (
				4084F4321B55967300C09160 /* ViewController.m in Sources */,
				4084F42F1B55967300C09160 /* AppDelegate.m in Sources */,
				4084F42C1B55967300C09160 /* main.m in Sources */,
			);
			runOnlyForDeploymentPostprocessing = 0;
		};
		4084F43B1B55967300C09160 /* Sources */ = {
			isa = PBXSourcesBuildPhase;
			buildActionMask = 2147483647;
			files = (
				4084F4461B55967300C09160 /* WebviewDemoTests.m in Sources */,
			);
			runOnlyForDeploymentPostprocessing = 0;
		};
		40E660201C97D29D00D1FBB9 /* Sources */ = {
			isa = PBXSourcesBuildPhase;
			buildActionMask = 2147483647;
			files = (
				40E660281C97D29E00D1FBB9 /* RequestHandler.m in Sources */,
			);
			runOnlyForDeploymentPostprocessing = 0;
		};
		40E660311C97DDED00D1FBB9 /* Sources */ = {
			isa = PBXSourcesBuildPhase;
			buildActionMask = 2147483647;
			files = (
				40E660391C97DDED00D1FBB9 /* ShareViewController.m in Sources */,
			);
			runOnlyForDeploymentPostprocessing = 0;
		};
/* End PBXSourcesBuildPhase section */

/* Begin PBXTargetDependency section */
		4084F4411B55967300C09160 /* PBXTargetDependency */ = {
			isa = PBXTargetDependency;
			target = 4084F4251B55967300C09160 /* WebviewDemo */;
			targetProxy = 4084F4401B55967300C09160 /* PBXContainerItemProxy */;
		};
		40E6602B1C97D29E00D1FBB9 /* PBXTargetDependency */ = {
			isa = PBXTargetDependency;
			target = 40E660231C97D29D00D1FBB9 /* ShareLinks */;
			targetProxy = 40E6602A1C97D29E00D1FBB9 /* PBXContainerItemProxy */;
		};
		40E6603F1C97DDED00D1FBB9 /* PBXTargetDependency */ = {
			isa = PBXTargetDependency;
			target = 40E660341C97DDED00D1FBB9 /* Share */;
			targetProxy = 40E6603E1C97DDED00D1FBB9 /* PBXContainerItemProxy */;
		};
/* End PBXTargetDependency section */

/* Begin PBXVariantGroup section */
		4084F4331B55967300C09160 /* Main.storyboard */ = {
			isa = PBXVariantGroup;
			children = (
				4084F4341B55967300C09160 /* Base */,
			);
			name = Main.storyboard;
			sourceTree = "<group>";
		};
		4084F4381B55967300C09160 /* LaunchScreen.xib */ = {
			isa = PBXVariantGroup;
			children = (
				4084F4391B55967300C09160 /* Base */,
			);
			name = LaunchScreen.xib;
			sourceTree = "<group>";
		};
		40E6603A1C97DDED00D1FBB9 /* MainInterface.storyboard */ = {
			isa = PBXVariantGroup;
			children = (
				40E6603B1C97DDED00D1FBB9 /* Base */,
			);
			name = MainInterface.storyboard;
			sourceTree = "<group>";
		};
/* End PBXVariantGroup section */

/* Begin XCBuildConfiguration section */
		4084F4471B55967300C09160 /* Debug */ = {
			isa = XCBuildConfiguration;
			buildSettings = {
				ALWAYS_SEARCH_USER_PATHS = NO;
				CLANG_CXX_LANGUAGE_STANDARD = "gnu++0x";
				CLANG_CXX_LIBRARY = "libc++";
				CLANG_ENABLE_MODULES = YES;
				CLANG_ENABLE_OBJC_ARC = YES;
				CLANG_WARN_BOOL_CONVERSION = YES;
				CLANG_WARN_CONSTANT_CONVERSION = YES;
				CLANG_WARN_DIRECT_OBJC_ISA_USAGE = YES_ERROR;
				CLANG_WARN_EMPTY_BODY = YES;
				CLANG_WARN_ENUM_CONVERSION = YES;
				CLANG_WARN_INT_CONVERSION = YES;
				CLANG_WARN_OBJC_ROOT_CLASS = YES_ERROR;
				CLANG_WARN_UNREACHABLE_CODE = YES;
				CLANG_WARN__DUPLICATE_METHOD_MATCH = YES;
				"CODE_SIGN_IDENTITY[sdk=iphoneos*]" = "iPhone Developer";
				COPY_PHASE_STRIP = NO;
				DEBUG_INFORMATION_FORMAT = "dwarf-with-dsym";
				ENABLE_STRICT_OBJC_MSGSEND = YES;
				GCC_C_LANGUAGE_STANDARD = gnu99;
				GCC_DYNAMIC_NO_PIC = NO;
				GCC_NO_COMMON_BLOCKS = YES;
				GCC_OPTIMIZATION_LEVEL = 0;
				GCC_PREPROCESSOR_DEFINITIONS = (
					"DEBUG=1",
					"$(inherited)",
				);
				GCC_SYMBOLS_PRIVATE_EXTERN = NO;
				GCC_WARN_64_TO_32_BIT_CONVERSION = YES;
				GCC_WARN_ABOUT_RETURN_TYPE = YES_ERROR;
				GCC_WARN_UNDECLARED_SELECTOR = YES;
				GCC_WARN_UNINITIALIZED_AUTOS = YES_AGGRESSIVE;
				GCC_WARN_UNUSED_FUNCTION = YES;
				GCC_WARN_UNUSED_VARIABLE = YES;
				IPHONEOS_DEPLOYMENT_TARGET = 8.4;
				MTL_ENABLE_DEBUG_INFO = YES;
				ONLY_ACTIVE_ARCH = YES;
				SDKROOT = iphoneos;
			};
			name = Debug;
		};
		4084F4481B55967300C09160 /* Release */ = {
			isa = XCBuildConfiguration;
			buildSettings = {
				ALWAYS_SEARCH_USER_PATHS = NO;
				CLANG_CXX_LANGUAGE_STANDARD = "gnu++0x";
				CLANG_CXX_LIBRARY = "libc++";
				CLANG_ENABLE_MODULES = YES;
				CLANG_ENABLE_OBJC_ARC = YES;
				CLANG_WARN_BOOL_CONVERSION = YES;
				CLANG_WARN_CONSTANT_CONVERSION = YES;
				CLANG_WARN_DIRECT_OBJC_ISA_USAGE = YES_ERROR;
				CLANG_WARN_EMPTY_BODY = YES;
				CLANG_WARN_ENUM_CONVERSION = YES;
				CLANG_WARN_INT_CONVERSION = YES;
				CLANG_WARN_OBJC_ROOT_CLASS = YES_ERROR;
				CLANG_WARN_UNREACHABLE_CODE = YES;
				CLANG_WARN__DUPLICATE_METHOD_MATCH = YES;
				"CODE_SIGN_IDENTITY[sdk=iphoneos*]" = "iPhone Developer";
				COPY_PHASE_STRIP = NO;
				DEBUG_INFORMATION_FORMAT = "dwarf-with-dsym";
				ENABLE_NS_ASSERTIONS = NO;
				ENABLE_STRICT_OBJC_MSGSEND = YES;
				GCC_C_LANGUAGE_STANDARD = gnu99;
				GCC_NO_COMMON_BLOCKS = YES;
				GCC_WARN_64_TO_32_BIT_CONVERSION = YES;
				GCC_WARN_ABOUT_RETURN_TYPE = YES_ERROR;
				GCC_WARN_UNDECLARED_SELECTOR = YES;
				GCC_WARN_UNINITIALIZED_AUTOS = YES_AGGRESSIVE;
				GCC_WARN_UNUSED_FUNCTION = YES;
				GCC_WARN_UNUSED_VARIABLE = YES;
				IPHONEOS_DEPLOYMENT_TARGET = 8.4;
				MTL_ENABLE_DEBUG_INFO = NO;
				SDKROOT = iphoneos;
				VALIDATE_PRODUCT = YES;
			};
			name = Release;
		};
		4084F44A1B55967300C09160 /* Debug */ = {
			isa = XCBuildConfiguration;
			buildSettings = {
				ASSETCATALOG_COMPILER_APPICON_NAME = AppIcon;
				INFOPLIST_FILE = WebviewDemo/Info.plist;
				IPHONEOS_DEPLOYMENT_TARGET = 8.0;
				LD_RUNPATH_SEARCH_PATHS = "$(inherited) @executable_path/Frameworks";
				PRODUCT_NAME = "$(TARGET_NAME)";
				TARGETED_DEVICE_FAMILY = "1,2";
			};
			name = Debug;
		};
		4084F44B1B55967300C09160 /* Release */ = {
			isa = XCBuildConfiguration;
			buildSettings = {
				ASSETCATALOG_COMPILER_APPICON_NAME = AppIcon;
				INFOPLIST_FILE = WebviewDemo/Info.plist;
				IPHONEOS_DEPLOYMENT_TARGET = 8.0;
				LD_RUNPATH_SEARCH_PATHS = "$(inherited) @executable_path/Frameworks";
				PRODUCT_NAME = "$(TARGET_NAME)";
				TARGETED_DEVICE_FAMILY = "1,2";
			};
			name = Release;
		};
		4084F44D1B55967300C09160 /* Debug */ = {
			isa = XCBuildConfiguration;
			buildSettings = {
				BUNDLE_LOADER = "$(TEST_HOST)";
				FRAMEWORK_SEARCH_PATHS = (
					"$(SDKROOT)/Developer/Library/Frameworks",
					"$(inherited)",
				);
				GCC_PREPROCESSOR_DEFINITIONS = (
					"DEBUG=1",
					"$(inherited)",
				);
				INFOPLIST_FILE = WebviewDemoTests/Info.plist;
				LD_RUNPATH_SEARCH_PATHS = "$(inherited) @executable_path/Frameworks @loader_path/Frameworks";
				PRODUCT_NAME = "$(TARGET_NAME)";
				TEST_HOST = "$(BUILT_PRODUCTS_DIR)/WebviewDemo.app/WebviewDemo";
			};
			name = Debug;
		};
		4084F44E1B55967300C09160 /* Release */ = {
			isa = XCBuildConfiguration;
			buildSettings = {
				BUNDLE_LOADER = "$(TEST_HOST)";
				FRAMEWORK_SEARCH_PATHS = (
					"$(SDKROOT)/Developer/Library/Frameworks",
					"$(inherited)",
				);
				INFOPLIST_FILE = WebviewDemoTests/Info.plist;
				LD_RUNPATH_SEARCH_PATHS = "$(inherited) @executable_path/Frameworks @loader_path/Frameworks";
				PRODUCT_NAME = "$(TARGET_NAME)";
				TEST_HOST = "$(BUILT_PRODUCTS_DIR)/WebviewDemo.app/WebviewDemo";
			};
			name = Release;
		};
		40E6602D1C97D29E00D1FBB9 /* Debug */ = {
			isa = XCBuildConfiguration;
			buildSettings = {
				DEBUG_INFORMATION_FORMAT = dwarf;
				ENABLE_TESTABILITY = YES;
				INFOPLIST_FILE = ShareLinks/Info.plist;
				IPHONEOS_DEPLOYMENT_TARGET = 9.2;
				LD_RUNPATH_SEARCH_PATHS = "$(inherited) @executable_path/Frameworks @executable_path/../../Frameworks";
				PRODUCT_BUNDLE_IDENTIFIER = test.WebviewDemo.ShareLinks;
				PRODUCT_NAME = "$(TARGET_NAME)";
				SKIP_INSTALL = YES;
				TARGETED_DEVICE_FAMILY = "1,2";
			};
			name = Debug;
		};
		40E6602E1C97D29E00D1FBB9 /* Release */ = {
			isa = XCBuildConfiguration;
			buildSettings = {
				INFOPLIST_FILE = ShareLinks/Info.plist;
				IPHONEOS_DEPLOYMENT_TARGET = 9.2;
				LD_RUNPATH_SEARCH_PATHS = "$(inherited) @executable_path/Frameworks @executable_path/../../Frameworks";
				PRODUCT_BUNDLE_IDENTIFIER = test.WebviewDemo.ShareLinks;
				PRODUCT_NAME = "$(TARGET_NAME)";
				SKIP_INSTALL = YES;
				TARGETED_DEVICE_FAMILY = "1,2";
			};
			name = Release;
		};
		40E660421C97DDED00D1FBB9 /* Debug */ = {
			isa = XCBuildConfiguration;
			buildSettings = {
				ASSETCATALOG_COMPILER_APPICON_NAME = AppIcon;
				ASSETCATALOG_COMPILER_LAUNCHIMAGE_NAME = "Brand Assets";
				DEBUG_INFORMATION_FORMAT = dwarf;
				ENABLE_TESTABILITY = YES;
				INFOPLIST_FILE = Share/Info.plist;
				IPHONEOS_DEPLOYMENT_TARGET = 8.1;
				LD_RUNPATH_SEARCH_PATHS = "$(inherited) @executable_path/Frameworks @executable_path/../../Frameworks";
				PRODUCT_BUNDLE_IDENTIFIER = test.WebviewDemo.Share;
				PRODUCT_NAME = "$(TARGET_NAME)";
				SKIP_INSTALL = YES;
				TARGETED_DEVICE_FAMILY = "1,2";
			};
			name = Debug;
		};
		40E660431C97DDED00D1FBB9 /* Release */ = {
			isa = XCBuildConfiguration;
			buildSettings = {
				ASSETCATALOG_COMPILER_APPICON_NAME = AppIcon;
				ASSETCATALOG_COMPILER_LAUNCHIMAGE_NAME = "Brand Assets";
				INFOPLIST_FILE = Share/Info.plist;
				IPHONEOS_DEPLOYMENT_TARGET = 8.1;
				LD_RUNPATH_SEARCH_PATHS = "$(inherited) @executable_path/Frameworks @executable_path/../../Frameworks";
				PRODUCT_BUNDLE_IDENTIFIER = test.WebviewDemo.Share;
				PRODUCT_NAME = "$(TARGET_NAME)";
				SKIP_INSTALL = YES;
				TARGETED_DEVICE_FAMILY = "1,2";
			};
			name = Release;
		};
/* End XCBuildConfiguration section */

/* Begin XCConfigurationList section */
		4084F4211B55967300C09160 /* Build configuration list for PBXProject "WebviewDemo" */ = {
			isa = XCConfigurationList;
			buildConfigurations = (
				4084F4471B55967300C09160 /* Debug */,
				4084F4481B55967300C09160 /* Release */,
			);
			defaultConfigurationIsVisible = 0;
			defaultConfigurationName = Release;
		};
		4084F4491B55967300C09160 /* Build configuration list for PBXNativeTarget "WebviewDemo" */ = {
			isa = XCConfigurationList;
			buildConfigurations = (
				4084F44A1B55967300C09160 /* Debug */,
				4084F44B1B55967300C09160 /* Release */,
			);
			defaultConfigurationIsVisible = 0;
			defaultConfigurationName = Release;
		};
		4084F44C1B55967300C09160 /* Build configuration list for PBXNativeTarget "WebviewDemoTests" */ = {
			isa = XCConfigurationList;
			buildConfigurations = (
				4084F44D1B55967300C09160 /* Debug */,
				4084F44E1B55967300C09160 /* Release */,
			);
			defaultConfigurationIsVisible = 0;
			defaultConfigurationName = Release;
		};
		40E6602F1C97D29E00D1FBB9 /* Build configuration list for PBXNativeTarget "ShareLinks" */ = {
			isa = XCConfigurationList;
			buildConfigurations = (
				40E6602D1C97D29E00D1FBB9 /* Debug */,
				40E6602E1C97D29E00D1FBB9 /* Release */,
			);
			defaultConfigurationIsVisible = 0;
		};
		40E660411C97DDED00D1FBB9 /* Build configuration list for PBXNativeTarget "Share" */ = {
			isa = XCConfigurationList;
			buildConfigurations = (
				40E660421C97DDED00D1FBB9 /* Debug */,
				40E660431C97DDED00D1FBB9 /* Release */,
			);
			defaultConfigurationIsVisible = 0;
		};
/* End XCConfigurationList section */
	};
	rootObject = 4084F41E1B55967300C09160 /* Project object */;
}
