// !$*UTF8*$!
{
	archiveVersion = 1;
	classes = {
	};
	objectVersion = 46;
	objects = {

/* Begin PBXBuildFile section */
		4084F42C1B55967300C09160 /* main.m in Sources */ = {isa = PBXBuildFile; fileRef = 4084F42B1B55967300C09160 /* main.m */; };
		4084F42F1B55967300C09160 /* AppDelegate.m in Sources */ = {isa = PBXBuildFile; fileRef = 4084F42E1B55967300C09160 /* AppDelegate.m */; };
		4084F4321B55967300C09160 /* DOGERootViewController.m in Sources */ = {isa = PBXBuildFile; fileRef = 4084F4311B55967300C09160 /* DOGERootViewController.m */; };
		4084F4351B55967300C09160 /* Main.storyboard in Resources */ = {isa = PBXBuildFile; fileRef = 4084F4331B55967300C09160 /* Main.storyboard */; };
		4084F4371B55967300C09160 /* Images.xcassets in Resources */ = {isa = PBXBuildFile; fileRef = 4084F4361B55967300C09160 /* Images.xcassets */; };
		4084F43A1B55967300C09160 /* LaunchScreen.xib in Resources */ = {isa = PBXBuildFile; fileRef = 4084F4381B55967300C09160 /* LaunchScreen.xib */; };
		4084F4461B55967300C09160 /* WebviewDemoTests.m in Sources */ = {isa = PBXBuildFile; fileRef = 4084F4451B55967300C09160 /* WebviewDemoTests.m */; };
		40E660281C97D29E00D1FBB9 /* RequestHandler.m in Sources */ = {isa = PBXBuildFile; fileRef = 40E660271C97D29E00D1FBB9 /* RequestHandler.m */; };
		40E6602C1C97D29E00D1FBB9 /* ShareLinks.appex in Embed App Extensions */ = {isa = PBXBuildFile; fileRef = 40E660241C97D29D00D1FBB9 /* ShareLinks.appex */; settings = {ATTRIBUTES = (RemoveHeadersOnCopy, ); }; };
		40E660391C97DDED00D1FBB9 /* ShareViewController.m in Sources */ = {isa = PBXBuildFile; fileRef = 40E660381C97DDED00D1FBB9 /* ShareViewController.m */; };
		40E6603C1C97DDED00D1FBB9 /* MainInterface.storyboard in Resources */ = {isa = PBXBuildFile; fileRef = 40E6603A1C97DDED00D1FBB9 /* MainInterface.storyboard */; };
		40E660401C97DDED00D1FBB9 /* Share.appex in Embed App Extensions */ = {isa = PBXBuildFile; fileRef = 40E660351C97DDED00D1FBB9 /* Share.appex */; settings = {ATTRIBUTES = (RemoveHeadersOnCopy, ); }; };
		5B4DF482CE3CFD410E2CB929 /* libPods-WebviewDemoTests.a in Frameworks */ = {isa = PBXBuildFile; fileRef = E5A608505DF801B270D2D12E /* libPods-WebviewDemoTests.a */; };
		5C70B0A2D117249213B3B2F7 /* libPods-ShareLinks.a in Frameworks */ = {isa = PBXBuildFile; fileRef = 5E6FFC155E24A181C99C7F77 /* libPods-ShareLinks.a */; };
		C87CEA7DDF416259A642F26F /* libPods-WebviewDemo.a in Frameworks */ = {isa = PBXBuildFile; fileRef = 125401A7E5C2120908A711D6 /* libPods-WebviewDemo.a */; };
		F9B7B628E18E91D249F8735F /* libPods-Share.a in Frameworks */ = {isa = PBXBuildFile; fileRef = 963DB60F6AF3B8A816C7649A /* libPods-Share.a */; };
/* End PBXBuildFile section */

/* Begin PBXContainerItemProxy section */
		4084F4401B55967300C09160 /* PBXContainerItemProxy */ = {
			isa = PBXContainerItemProxy;
			containerPortal = 4084F41E1B55967300C09160 /* Project object */;
			proxyType = 1;
			remoteGlobalIDString = 4084F4251B55967300C09160;
			remoteInfo = WebviewDemo;
		};
		40E6602A1C97D29E00D1FBB9 /* PBXContainerItemProxy */ = {
			isa = PBXContainerItemProxy;
			containerPortal = 4084F41E1B55967300C09160 /* Project object */;
			proxyType = 1;
			remoteGlobalIDString = 40E660231C97D29D00D1FBB9;
			remoteInfo = ShareLinks;
		};
		40E6603E1C97DDED00D1FBB9 /* PBXContainerItemProxy */ = {
			isa = PBXContainerItemProxy;
			containerPortal = 4084F41E1B55967300C09160 /* Project object */;
			proxyType = 1;
			remoteGlobalIDString = 40E660341C97DDED00D1FBB9;
			remoteInfo = Share;
		};
/* End PBXContainerItemProxy section */

/* Begin PBXCopyFilesBuildPhase section */
		40E660301C97D29E00D1FBB9 /* Embed App Extensions */ = {
			isa = PBXCopyFilesBuildPhase;
			buildActionMask = 2147483647;
			dstPath = "";
			dstSubfolderSpec = 13;
			files = (
				40E660401C97DDED00D1FBB9 /* Share.appex in Embed App Extensions */,
				40E6602C1C97D29E00D1FBB9 /* ShareLinks.appex in Embed App Extensions */,
			);
			name = "Embed App Extensions";
			runOnlyForDeploymentPostprocessing = 0;
		};
/* End PBXCopyFilesBuildPhase section */

/* Begin PBXFileReference section */
		125401A7E5C2120908A711D6 /* libPods-WebviewDemo.a */ = {isa = PBXFileReference; explicitFileType = archive.ar; includeInIndex = 0; path = "libPods-WebviewDemo.a"; sourceTree = BUILT_PRODUCTS_DIR; };
		3AAAD5579825A3BC0E1446CD /* Pods-WebviewDemo.debug.xcconfig */ = {isa = PBXFileReference; includeInIndex = 1; lastKnownFileType = text.xcconfig; name = "Pods-WebviewDemo.debug.xcconfig"; path = "Pods/Target Support Files/Pods-WebviewDemo/Pods-WebviewDemo.debug.xcconfig"; sourceTree = "<group>"; };
		4084F4261B55967300C09160 /* WebviewDemo.app */ = {isa = PBXFileReference; explicitFileType = wrapper.application; includeInIndex = 0; path = WebviewDemo.app; sourceTree = BUILT_PRODUCTS_DIR; };
		4084F42A1B55967300C09160 /* Info.plist */ = {isa = PBXFileReference; lastKnownFileType = text.plist.xml; path = Info.plist; sourceTree = "<group>"; };
		4084F42B1B55967300C09160 /* main.m */ = {isa = PBXFileReference; lastKnownFileType = sourcecode.c.objc; path = main.m; sourceTree = "<group>"; };
		4084F42D1B55967300C09160 /* AppDelegate.h */ = {isa = PBXFileReference; lastKnownFileType = sourcecode.c.h; path = AppDelegate.h; sourceTree = "<group>"; };
		4084F42E1B55967300C09160 /* AppDelegate.m */ = {isa = PBXFileReference; lastKnownFileType = sourcecode.c.objc; lineEnding = 0; path = AppDelegate.m; sourceTree = "<group>"; xcLanguageSpecificationIdentifier = xcode.lang.objc; };
		4084F4301B55967300C09160 /* DOGERootViewController.h */ = {isa = PBXFileReference; lastKnownFileType = sourcecode.c.h; lineEnding = 0; path = DOGERootViewController.h; sourceTree = "<group>"; xcLanguageSpecificationIdentifier = xcode.lang.objcpp; };
		4084F4311B55967300C09160 /* DOGERootViewController.m */ = {isa = PBXFileReference; lastKnownFileType = sourcecode.c.objc; lineEnding = 0; path = DOGERootViewController.m; sourceTree = "<group>"; xcLanguageSpecificationIdentifier = xcode.lang.objc; };
		4084F4341B55967300C09160 /* Base */ = {isa = PBXFileReference; lastKnownFileType = file.storyboard; name = Base; path = Base.lproj/Main.storyboard; sourceTree = "<group>"; };
		4084F4361B55967300C09160 /* Images.xcassets */ = {isa = PBXFileReference; lastKnownFileType = folder.assetcatalog; path = Images.xcassets; sourceTree = "<group>"; };
		4084F4391B55967300C09160 /* Base */ = {isa = PBXFileReference; lastKnownFileType = file.xib; name = Base; path = Base.lproj/LaunchScreen.xib; sourceTree = "<group>"; };
		4084F43F1B55967300C09160 /* WebviewDemoTests.xctest */ = {isa = PBXFileReference; explicitFileType = wrapper.cfbundle; includeInIndex = 0; path = WebviewDemoTests.xctest; sourceTree = BUILT_PRODUCTS_DIR; };
		4084F4441B55967300C09160 /* Info.plist */ = {isa = PBXFileReference; lastKnownFileType = text.plist.xml; path = Info.plist; sourceTree = "<group>"; };
		4084F4451B55967300C09160 /* WebviewDemoTests.m */ = {isa = PBXFileReference; lastKnownFileType = sourcecode.c.objc; path = WebviewDemoTests.m; sourceTree = "<group>"; };
		40E660241C97D29D00D1FBB9 /* ShareLinks.appex */ = {isa = PBXFileReference; explicitFileType = "wrapper.app-extension"; includeInIndex = 0; path = ShareLinks.appex; sourceTree = BUILT_PRODUCTS_DIR; };
		40E660261C97D29E00D1FBB9 /* RequestHandler.h */ = {isa = PBXFileReference; lastKnownFileType = sourcecode.c.h; path = RequestHandler.h; sourceTree = "<group>"; };
		40E660271C97D29E00D1FBB9 /* RequestHandler.m */ = {isa = PBXFileReference; lastKnownFileType = sourcecode.c.objc; path = RequestHandler.m; sourceTree = "<group>"; };
		40E660291C97D29E00D1FBB9 /* Info.plist */ = {isa = PBXFileReference; lastKnownFileType = text.plist.xml; path = Info.plist; sourceTree = "<group>"; };
		40E660351C97DDED00D1FBB9 /* Share.appex */ = {isa = PBXFileReference; explicitFileType = "wrapper.app-extension"; includeInIndex = 0; path = Share.appex; sourceTree = BUILT_PRODUCTS_DIR; };
		40E660371C97DDED00D1FBB9 /* ShareViewController.h */ = {isa = PBXFileReference; lastKnownFileType = sourcecode.c.h; lineEnding = 0; path = ShareViewController.h; sourceTree = "<group>"; xcLanguageSpecificationIdentifier = xcode.lang.objcpp; };
		40E660381C97DDED00D1FBB9 /* ShareViewController.m */ = {isa = PBXFileReference; lastKnownFileType = sourcecode.c.objc; lineEnding = 0; path = ShareViewController.m; sourceTree = "<group>"; xcLanguageSpecificationIdentifier = xcode.lang.objc; };
		40E6603B1C97DDED00D1FBB9 /* Base */ = {isa = PBXFileReference; lastKnownFileType = file.storyboard; name = Base; path = Base.lproj/MainInterface.storyboard; sourceTree = "<group>"; };
		40E6603D1C97DDED00D1FBB9 /* Info.plist */ = {isa = PBXFileReference; lastKnownFileType = text.plist.xml; path = Info.plist; sourceTree = "<group>"; };
		59EA0BC5E16CA11E272F0D51 /* Pods-ShareLinks.release.xcconfig */ = {isa = PBXFileReference; includeInIndex = 1; lastKnownFileType = text.xcconfig; name = "Pods-ShareLinks.release.xcconfig"; path = "Pods/Target Support Files/Pods-ShareLinks/Pods-ShareLinks.release.xcconfig"; sourceTree = "<group>"; };
		5E6FFC155E24A181C99C7F77 /* libPods-ShareLinks.a */ = {isa = PBXFileReference; explicitFileType = archive.ar; includeInIndex = 0; path = "libPods-ShareLinks.a"; sourceTree = BUILT_PRODUCTS_DIR; };
		5EE5321E0B78F8709C726264 /* Pods-WebviewDemo.release.xcconfig */ = {isa = PBXFileReference; includeInIndex = 1; lastKnownFileType = text.xcconfig; name = "Pods-WebviewDemo.release.xcconfig"; path = "Pods/Target Support Files/Pods-WebviewDemo/Pods-WebviewDemo.release.xcconfig"; sourceTree = "<group>"; };
		6BBC631581E5C75B4A76911A /* Pods-WebviewDemoTests.release.xcconfig */ = {isa = PBXFileReference; includeInIndex = 1; lastKnownFileType = text.xcconfig; name = "Pods-WebviewDemoTests.release.xcconfig"; path = "Pods/Target Support Files/Pods-WebviewDemoTests/Pods-WebviewDemoTests.release.xcconfig"; sourceTree = "<group>"; };
		8455568E95EE7E1802B05B86 /* Pods-Share.release.xcconfig */ = {isa = PBXFileReference; includeInIndex = 1; lastKnownFileType = text.xcconfig; name = "Pods-Share.release.xcconfig"; path = "Pods/Target Support Files/Pods-Share/Pods-Share.release.xcconfig"; sourceTree = "<group>"; };
		8538C39A7B205C1E6CBFC638 /* Pods-Share.debug.xcconfig */ = {isa = PBXFileReference; includeInIndex = 1; lastKnownFileType = text.xcconfig; name = "Pods-Share.debug.xcconfig"; path = "Pods/Target Support Files/Pods-Share/Pods-Share.debug.xcconfig"; sourceTree = "<group>"; };
		94EDEC3A63E133ACC41A2AEF /* Pods-WebviewDemoTests.debug.xcconfig */ = {isa = PBXFileReference; includeInIndex = 1; lastKnownFileType = text.xcconfig; name = "Pods-WebviewDemoTests.debug.xcconfig"; path = "Pods/Target Support Files/Pods-WebviewDemoTests/Pods-WebviewDemoTests.debug.xcconfig"; sourceTree = "<group>"; };
		963DB60F6AF3B8A816C7649A /* libPods-Share.a */ = {isa = PBXFileReference; explicitFileType = archive.ar; includeInIndex = 0; path = "libPods-Share.a"; sourceTree = BUILT_PRODUCTS_DIR; };
		98F25F3CC892BCA5E37E8958 /* Pods-ShareLinks.debug.xcconfig */ = {isa = PBXFileReference; includeInIndex = 1; lastKnownFileType = text.xcconfig; name = "Pods-ShareLinks.debug.xcconfig"; path = "Pods/Target Support Files/Pods-ShareLinks/Pods-ShareLinks.debug.xcconfig"; sourceTree = "<group>"; };
		E5A608505DF801B270D2D12E /* libPods-WebviewDemoTests.a */ = {isa = PBXFileReference; explicitFileType = archive.ar; includeInIndex = 0; path = "libPods-WebviewDemoTests.a"; sourceTree = BUILT_PRODUCTS_DIR; };
/* End PBXFileReference section */

/* Begin PBXFrameworksBuildPhase section */
		4084F4231B55967300C09160 /* Frameworks */ = {
			isa = PBXFrameworksBuildPhase;
			buildActionMask = 2147483647;
			files = (
				C87CEA7DDF416259A642F26F /* libPods-WebviewDemo.a in Frameworks */,
			);
			runOnlyForDeploymentPostprocessing = 0;
		};
		4084F43C1B55967300C09160 /* Frameworks */ = {
			isa = PBXFrameworksBuildPhase;
			buildActionMask = 2147483647;
			files = (
				5B4DF482CE3CFD410E2CB929 /* libPods-WebviewDemoTests.a in Frameworks */,
			);
			runOnlyForDeploymentPostprocessing = 0;
		};
		40E660211C97D29D00D1FBB9 /* Frameworks */ = {
			isa = PBXFrameworksBuildPhase;
			buildActionMask = 2147483647;
			files = (
				5C70B0A2D117249213B3B2F7 /* libPods-ShareLinks.a in Frameworks */,
			);
			runOnlyForDeploymentPostprocessing = 0;
		};
		40E660321C97DDED00D1FBB9 /* Frameworks */ = {
			isa = PBXFrameworksBuildPhase;
			buildActionMask = 2147483647;
			files = (
				F9B7B628E18E91D249F8735F /* libPods-Share.a in Frameworks */,
			);
			runOnlyForDeploymentPostprocessing = 0;
		};
/* End PBXFrameworksBuildPhase section */

/* Begin PBXGroup section */
		06F505C8B33BD64692785A84 /* Frameworks */ = {
			isa = PBXGroup;
			children = (
				963DB60F6AF3B8A816C7649A /* libPods-Share.a */,
				5E6FFC155E24A181C99C7F77 /* libPods-ShareLinks.a */,
				125401A7E5C2120908A711D6 /* libPods-WebviewDemo.a */,
				E5A608505DF801B270D2D12E /* libPods-WebviewDemoTests.a */,
			);
			name = Frameworks;
			sourceTree = "<group>";
		};
		4084F41D1B55967300C09160 = {
			isa = PBXGroup;
			children = (
				4084F4281B55967300C09160 /* WebviewDemo */,
				4084F4421B55967300C09160 /* WebviewDemoTests */,
				40E660251C97D29E00D1FBB9 /* ShareLinks */,
				40E660361C97DDED00D1FBB9 /* Share */,
				4084F4271B55967300C09160 /* Products */,
				E4B26EAB5DCD76B8AEB2F692 /* Pods */,
				06F505C8B33BD64692785A84 /* Frameworks */,
			);
			sourceTree = "<group>";
		};
		4084F4271B55967300C09160 /* Products */ = {
			isa = PBXGroup;
			children = (
				4084F4261B55967300C09160 /* WebviewDemo.app */,
				4084F43F1B55967300C09160 /* WebviewDemoTests.xctest */,
				40E660241C97D29D00D1FBB9 /* ShareLinks.appex */,
				40E660351C97DDED00D1FBB9 /* Share.appex */,
			);
			name = Products;
			sourceTree = "<group>";
		};
		4084F4281B55967300C09160 /* WebviewDemo */ = {
			isa = PBXGroup;
			children = (
				4084F42D1B55967300C09160 /* AppDelegate.h */,
				4084F42E1B55967300C09160 /* AppDelegate.m */,
				4084F4301B55967300C09160 /* DOGERootViewController.h */,
				4084F4311B55967300C09160 /* DOGERootViewController.m */,
				4084F4331B55967300C09160 /* Main.storyboard */,
				4084F4361B55967300C09160 /* Images.xcassets */,
				4084F4381B55967300C09160 /* LaunchScreen.xib */,
				4084F4291B55967300C09160 /* Supporting Files */,
			);
			path = WebviewDemo;
			sourceTree = "<group>";
		};
		4084F4291B55967300C09160 /* Supporting Files */ = {
			isa = PBXGroup;
			children = (
				4084F42A1B55967300C09160 /* Info.plist */,
				4084F42B1B55967300C09160 /* main.m */,
			);
			name = "Supporting Files";
			sourceTree = "<group>";
		};
		4084F4421B55967300C09160 /* WebviewDemoTests */ = {
			isa = PBXGroup;
			children = (
				4084F4451B55967300C09160 /* WebviewDemoTests.m */,
				4084F4431B55967300C09160 /* Supporting Files */,
			);
			path = WebviewDemoTests;
			sourceTree = "<group>";
		};
		4084F4431B55967300C09160 /* Supporting Files */ = {
			isa = PBXGroup;
			children = (
				4084F4441B55967300C09160 /* Info.plist */,
			);
			name = "Supporting Files";
			sourceTree = "<group>";
		};
		40E660251C97D29E00D1FBB9 /* ShareLinks */ = {
			isa = PBXGroup;
			children = (
				40E660261C97D29E00D1FBB9 /* RequestHandler.h */,
				40E660271C97D29E00D1FBB9 /* RequestHandler.m */,
				40E660291C97D29E00D1FBB9 /* Info.plist */,
			);
			path = ShareLinks;
			sourceTree = "<group>";
		};
		40E660361C97DDED00D1FBB9 /* Share */ = {
			isa = PBXGroup;
			children = (
				40E660371C97DDED00D1FBB9 /* ShareViewController.h */,
				40E660381C97DDED00D1FBB9 /* ShareViewController.m */,
				40E6603A1C97DDED00D1FBB9 /* MainInterface.storyboard */,
				40E6603D1C97DDED00D1FBB9 /* Info.plist */,
			);
			path = Share;
			sourceTree = "<group>";
		};
		E4B26EAB5DCD76B8AEB2F692 /* Pods */ = {
			isa = PBXGroup;
			children = (
				8538C39A7B205C1E6CBFC638 /* Pods-Share.debug.xcconfig */,
				8455568E95EE7E1802B05B86 /* Pods-Share.release.xcconfig */,
				98F25F3CC892BCA5E37E8958 /* Pods-ShareLinks.debug.xcconfig */,
				59EA0BC5E16CA11E272F0D51 /* Pods-ShareLinks.release.xcconfig */,
				3AAAD5579825A3BC0E1446CD /* Pods-WebviewDemo.debug.xcconfig */,
				5EE5321E0B78F8709C726264 /* Pods-WebviewDemo.release.xcconfig */,
				94EDEC3A63E133ACC41A2AEF /* Pods-WebviewDemoTests.debug.xcconfig */,
				6BBC631581E5C75B4A76911A /* Pods-WebviewDemoTests.release.xcconfig */,
			);
			name = Pods;
			sourceTree = "<group>";
		};
/* End PBXGroup section */

/* Begin PBXNativeTarget section */
		4084F4251B55967300C09160 /* WebviewDemo */ = {
			isa = PBXNativeTarget;
			buildConfigurationList = 4084F4491B55967300C09160 /* Build configuration list for PBXNativeTarget "WebviewDemo" */;
			buildPhases = (
				3ADBC03229B8740AB50E754E /* [CP] Check Pods Manifest.lock */,
				4084F4221B55967300C09160 /* Sources */,
				4084F4231B55967300C09160 /* Frameworks */,
				4084F4241B55967300C09160 /* Resources */,
				40E660301C97D29E00D1FBB9 /* Embed App Extensions */,
				4B619E03C58A6B7F0E23CE81 /* [CP] Embed Pods Frameworks */,
				C75CC4C30812026A52B3CD98 /* [CP] Copy Pods Resources */,
			);
			buildRules = (
			);
			dependencies = (
				40E6602B1C97D29E00D1FBB9 /* PBXTargetDependency */,
				40E6603F1C97DDED00D1FBB9 /* PBXTargetDependency */,
			);
			name = WebviewDemo;
			productName = WebviewDemo;
			productReference = 4084F4261B55967300C09160 /* WebviewDemo.app */;
			productType = "com.apple.product-type.application";
		};
		4084F43E1B55967300C09160 /* WebviewDemoTests */ = {
			isa = PBXNativeTarget;
			buildConfigurationList = 4084F44C1B55967300C09160 /* Build configuration list for PBXNativeTarget "WebviewDemoTests" */;
			buildPhases = (
				6B1597DDE1D42867D3E4B2E2 /* [CP] Check Pods Manifest.lock */,
				4084F43B1B55967300C09160 /* Sources */,
				4084F43C1B55967300C09160 /* Frameworks */,
				4084F43D1B55967300C09160 /* Resources */,
				42E177912D5EDA88395D627A /* [CP] Embed Pods Frameworks */,
				07C29A7061DACF563E1F175F /* [CP] Copy Pods Resources */,
			);
			buildRules = (
			);
			dependencies = (
				4084F4411B55967300C09160 /* PBXTargetDependency */,
			);
			name = WebviewDemoTests;
			productName = WebviewDemoTests;
			productReference = 4084F43F1B55967300C09160 /* WebviewDemoTests.xctest */;
			productType = "com.apple.product-type.bundle.unit-test";
		};
		40E660231C97D29D00D1FBB9 /* ShareLinks */ = {
			isa = PBXNativeTarget;
			buildConfigurationList = 40E6602F1C97D29E00D1FBB9 /* Build configuration list for PBXNativeTarget "ShareLinks" */;
			buildPhases = (
				9CC7128AA3719763B17D27F7 /* [CP] Check Pods Manifest.lock */,
				40E660201C97D29D00D1FBB9 /* Sources */,
				40E660211C97D29D00D1FBB9 /* Frameworks */,
				40E660221C97D29D00D1FBB9 /* Resources */,
				740EF0C37713FEE510502E7D /* [CP] Copy Pods Resources */,
			);
			buildRules = (
			);
			dependencies = (
			);
			name = ShareLinks;
			productName = ShareLinks;
			productReference = 40E660241C97D29D00D1FBB9 /* ShareLinks.appex */;
			productType = "com.apple.product-type.app-extension";
		};
		40E660341C97DDED00D1FBB9 /* Share */ = {
			isa = PBXNativeTarget;
			buildConfigurationList = 40E660411C97DDED00D1FBB9 /* Build configuration list for PBXNativeTarget "Share" */;
			buildPhases = (
				DE591A0BC4062F0EDD0E2143 /* [CP] Check Pods Manifest.lock */,
				40E660311C97DDED00D1FBB9 /* Sources */,
				40E660321C97DDED00D1FBB9 /* Frameworks */,
				40E660331C97DDED00D1FBB9 /* Resources */,
				84B6BEFB008C317D5723AB92 /* [CP] Copy Pods Resources */,
			);
			buildRules = (
			);
			dependencies = (
			);
			name = Share;
			productName = Share;
			productReference = 40E660351C97DDED00D1FBB9 /* Share.appex */;
			productType = "com.apple.product-type.app-extension";
		};
/* End PBXNativeTarget section */

/* Begin PBXProject section */
		4084F41E1B55967300C09160 /* Project object */ = {
			isa = PBXProject;
			attributes = {
				LastUpgradeCheck = 0640;
				ORGANIZATIONNAME = com.text;
				TargetAttributes = {
					4084F4251B55967300C09160 = {
						CreatedOnToolsVersion = 6.4;
						DevelopmentTeam = 5UQP3KFKSX;
						ProvisioningStyle = Automatic;
					};
					4084F43E1B55967300C09160 = {
						CreatedOnToolsVersion = 6.4;
						TestTargetID = 4084F4251B55967300C09160;
					};
					40E660231C97D29D00D1FBB9 = {
						CreatedOnToolsVersion = 7.2.1;
						DevelopmentTeam = 5UQP3KFKSX;
					};
					40E660341C97DDED00D1FBB9 = {
						CreatedOnToolsVersion = 7.2.1;
						DevelopmentTeam = 5UQP3KFKSX;
					};
				};
			};
			buildConfigurationList = 4084F4211B55967300C09160 /* Build configuration list for PBXProject "WebviewDemo" */;
			compatibilityVersion = "Xcode 3.2";
			developmentRegion = English;
			hasScannedForEncodings = 0;
			knownRegions = (
				en,
				Base,
			);
			mainGroup = 4084F41D1B55967300C09160;
			productRefGroup = 4084F4271B55967300C09160 /* Products */;
			projectDirPath = "";
			projectRoot = "";
			targets = (
				4084F4251B55967300C09160 /* WebviewDemo */,
				4084F43E1B55967300C09160 /* WebviewDemoTests */,
				40E660231C97D29D00D1FBB9 /* ShareLinks */,
				40E660341C97DDED00D1FBB9 /* Share */,
			);
		};
/* End PBXProject section */

/* Begin PBXResourcesBuildPhase section */
		4084F4241B55967300C09160 /* Resources */ = {
			isa = PBXResourcesBuildPhase;
			buildActionMask = 2147483647;
			files = (
				4084F4351B55967300C09160 /* Main.storyboard in Resources */,
				4084F43A1B55967300C09160 /* LaunchScreen.xib in Resources */,
				4084F4371B55967300C09160 /* Images.xcassets in Resources */,
			);
			runOnlyForDeploymentPostprocessing = 0;
		};
		4084F43D1B55967300C09160 /* Resources */ = {
			isa = PBXResourcesBuildPhase;
			buildActionMask = 2147483647;
			files = (
			);
			runOnlyForDeploymentPostprocessing = 0;
		};
		40E660221C97D29D00D1FBB9 /* Resources */ = {
			isa = PBXResourcesBuildPhase;
			buildActionMask = 2147483647;
			files = (
			);
			runOnlyForDeploymentPostprocessing = 0;
		};
		40E660331C97DDED00D1FBB9 /* Resources */ = {
			isa = PBXResourcesBuildPhase;
			buildActionMask = 2147483647;
			files = (
				40E6603C1C97DDED00D1FBB9 /* MainInterface.storyboard in Resources */,
			);
			runOnlyForDeploymentPostprocessing = 0;
		};
/* End PBXResourcesBuildPhase section */

/* Begin PBXShellScriptBuildPhase section */
		07C29A7061DACF563E1F175F /* [CP] Copy Pods Resources */ = {
			isa = PBXShellScriptBuildPhase;
			buildActionMask = 2147483647;
			files = (
			);
			inputPaths = (
			);
			name = "[CP] Copy Pods Resources";
			outputPaths = (
			);
			runOnlyForDeploymentPostprocessing = 0;
			shellPath = /bin/sh;
			shellScript = "\"${SRCROOT}/Pods/Target Support Files/Pods-WebviewDemoTests/Pods-WebviewDemoTests-resources.sh\"\n";
			showEnvVarsInLog = 0;
		};
		3ADBC03229B8740AB50E754E /* [CP] Check Pods Manifest.lock */ = {
			isa = PBXShellScriptBuildPhase;
			buildActionMask = 2147483647;
			files = (
			);
			inputPaths = (
			);
			name = "[CP] Check Pods Manifest.lock";
			outputPaths = (
			);
			runOnlyForDeploymentPostprocessing = 0;
			shellPath = /bin/sh;
			shellScript = "diff \"${PODS_ROOT}/../Podfile.lock\" \"${PODS_ROOT}/Manifest.lock\" > /dev/null\nif [ $? != 0 ] ; then\n    # print error to STDERR\n    echo \"error: The sandbox is not in sync with the Podfile.lock. Run 'pod install' or update your CocoaPods installation.\" >&2\n    exit 1\nfi\n";
			showEnvVarsInLog = 0;
		};
		42E177912D5EDA88395D627A /* [CP] Embed Pods Frameworks */ = {
			isa = PBXShellScriptBuildPhase;
			buildActionMask = 2147483647;
			files = (
			);
			inputPaths = (
			);
			name = "[CP] Embed Pods Frameworks";
			outputPaths = (
			);
			runOnlyForDeploymentPostprocessing = 0;
			shellPath = /bin/sh;
			shellScript = "\"${SRCROOT}/Pods/Target Support Files/Pods-WebviewDemoTests/Pods-WebviewDemoTests-frameworks.sh\"\n";
			showEnvVarsInLog = 0;
		};
		4B619E03C58A6B7F0E23CE81 /* [CP] Embed Pods Frameworks */ = {
			isa = PBXShellScriptBuildPhase;
			buildActionMask = 2147483647;
			files = (
			);
			inputPaths = (
			);
			name = "[CP] Embed Pods Frameworks";
			outputPaths = (
			);
			runOnlyForDeploymentPostprocessing = 0;
			shellPath = /bin/sh;
			shellScript = "\"${SRCROOT}/Pods/Target Support Files/Pods-WebviewDemo/Pods-WebviewDemo-frameworks.sh\"\n";
			showEnvVarsInLog = 0;
		};
		6B1597DDE1D42867D3E4B2E2 /* [CP] Check Pods Manifest.lock */ = {
			isa = PBXShellScriptBuildPhase;
			buildActionMask = 2147483647;
			files = (
			);
			inputPaths = (
			);
			name = "[CP] Check Pods Manifest.lock";
			outputPaths = (
			);
			runOnlyForDeploymentPostprocessing = 0;
			shellPath = /bin/sh;
			shellScript = "diff \"${PODS_ROOT}/../Podfile.lock\" \"${PODS_ROOT}/Manifest.lock\" > /dev/null\nif [ $? != 0 ] ; then\n    # print error to STDERR\n    echo \"error: The sandbox is not in sync with the Podfile.lock. Run 'pod install' or update your CocoaPods installation.\" >&2\n    exit 1\nfi\n";
			showEnvVarsInLog = 0;
		};
		740EF0C37713FEE510502E7D /* [CP] Copy Pods Resources */ = {
			isa = PBXShellScriptBuildPhase;
			buildActionMask = 2147483647;
			files = (
			);
			inputPaths = (
			);
			name = "[CP] Copy Pods Resources";
			outputPaths = (
			);
			runOnlyForDeploymentPostprocessing = 0;
			shellPath = /bin/sh;
			shellScript = "\"${SRCROOT}/Pods/Target Support Files/Pods-ShareLinks/Pods-ShareLinks-resources.sh\"\n";
			showEnvVarsInLog = 0;
		};
		84B6BEFB008C317D5723AB92 /* [CP] Copy Pods Resources */ = {
			isa = PBXShellScriptBuildPhase;
			buildActionMask = 2147483647;
			files = (
			);
			inputPaths = (
			);
			name = "[CP] Copy Pods Resources";
			outputPaths = (
			);
			runOnlyForDeploymentPostprocessing = 0;
			shellPath = /bin/sh;
			shellScript = "\"${SRCROOT}/Pods/Target Support Files/Pods-Share/Pods-Share-resources.sh\"\n";
			showEnvVarsInLog = 0;
		};
		9CC7128AA3719763B17D27F7 /* [CP] Check Pods Manifest.lock */ = {
			isa = PBXShellScriptBuildPhase;
			buildActionMask = 2147483647;
			files = (
			);
			inputPaths = (
			);
			name = "[CP] Check Pods Manifest.lock";
			outputPaths = (
			);
			runOnlyForDeploymentPostprocessing = 0;
			shellPath = /bin/sh;
			shellScript = "diff \"${PODS_ROOT}/../Podfile.lock\" \"${PODS_ROOT}/Manifest.lock\" > /dev/null\nif [ $? != 0 ] ; then\n    # print error to STDERR\n    echo \"error: The sandbox is not in sync with the Podfile.lock. Run 'pod install' or update your CocoaPods installation.\" >&2\n    exit 1\nfi\n";
			showEnvVarsInLog = 0;
		};
		C75CC4C30812026A52B3CD98 /* [CP] Copy Pods Resources */ = {
			isa = PBXShellScriptBuildPhase;
			buildActionMask = 2147483647;
			files = (
			);
			inputPaths = (
			);
			name = "[CP] Copy Pods Resources";
			outputPaths = (
			);
			runOnlyForDeploymentPostprocessing = 0;
			shellPath = /bin/sh;
			shellScript = "\"${SRCROOT}/Pods/Target Support Files/Pods-WebviewDemo/Pods-WebviewDemo-resources.sh\"\n";
			showEnvVarsInLog = 0;
		};
		DE591A0BC4062F0EDD0E2143 /* [CP] Check Pods Manifest.lock */ = {
			isa = PBXShellScriptBuildPhase;
			buildActionMask = 2147483647;
			files = (
			);
			inputPaths = (
			);
			name = "[CP] Check Pods Manifest.lock";
			outputPaths = (
			);
			runOnlyForDeploymentPostprocessing = 0;
			shellPath = /bin/sh;
			shellScript = "diff \"${PODS_ROOT}/../Podfile.lock\" \"${PODS_ROOT}/Manifest.lock\" > /dev/null\nif [ $? != 0 ] ; then\n    # print error to STDERR\n    echo \"error: The sandbox is not in sync with the Podfile.lock. Run 'pod install' or update your CocoaPods installation.\" >&2\n    exit 1\nfi\n";
			showEnvVarsInLog = 0;
		};
/* End PBXShellScriptBuildPhase section */

/* Begin PBXSourcesBuildPhase section */
		4084F4221B55967300C09160 /* Sources */ = {
			isa = PBXSourcesBuildPhase;
			buildActionMask = 2147483647;
			files = (
				4084F4321B55967300C09160 /* DOGERootViewController.m in Sources */,
				4084F42F1B55967300C09160 /* AppDelegate.m in Sources */,
				4084F42C1B55967300C09160 /* main.m in Sources */,
			);
			runOnlyForDeploymentPostprocessing = 0;
		};
		4084F43B1B55967300C09160 /* Sources */ = {
			isa = PBXSourcesBuildPhase;
			buildActionMask = 2147483647;
			files = (
				4084F4461B55967300C09160 /* WebviewDemoTests.m in Sources */,
			);
			runOnlyForDeploymentPostprocessing = 0;
		};
		40E660201C97D29D00D1FBB9 /* Sources */ = {
			isa = PBXSourcesBuildPhase;
			buildActionMask = 2147483647;
			files = (
				40E660281C97D29E00D1FBB9 /* RequestHandler.m in Sources */,
			);
			runOnlyForDeploymentPostprocessing = 0;
		};
		40E660311C97DDED00D1FBB9 /* Sources */ = {
			isa = PBXSourcesBuildPhase;
			buildActionMask = 2147483647;
			files = (
				40E660391C97DDED00D1FBB9 /* ShareViewController.m in Sources */,
			);
			runOnlyForDeploymentPostprocessing = 0;
		};
/* End PBXSourcesBuildPhase section */

/* Begin PBXTargetDependency section */
		4084F4411B55967300C09160 /* PBXTargetDependency */ = {
			isa = PBXTargetDependency;
			target = 4084F4251B55967300C09160 /* WebviewDemo */;
			targetProxy = 4084F4401B55967300C09160 /* PBXContainerItemProxy */;
		};
		40E6602B1C97D29E00D1FBB9 /* PBXTargetDependency */ = {
			isa = PBXTargetDependency;
			target = 40E660231C97D29D00D1FBB9 /* ShareLinks */;
			targetProxy = 40E6602A1C97D29E00D1FBB9 /* PBXContainerItemProxy */;
		};
		40E6603F1C97DDED00D1FBB9 /* PBXTargetDependency */ = {
			isa = PBXTargetDependency;
			target = 40E660341C97DDED00D1FBB9 /* Share */;
			targetProxy = 40E6603E1C97DDED00D1FBB9 /* PBXContainerItemProxy */;
		};
/* End PBXTargetDependency section */

/* Begin PBXVariantGroup section */
		4084F4331B55967300C09160 /* Main.storyboard */ = {
			isa = PBXVariantGroup;
			children = (
				4084F4341B55967300C09160 /* Base */,
			);
			name = Main.storyboard;
			sourceTree = "<group>";
		};
		4084F4381B55967300C09160 /* LaunchScreen.xib */ = {
			isa = PBXVariantGroup;
			children = (
				4084F4391B55967300C09160 /* Base */,
			);
			name = LaunchScreen.xib;
			sourceTree = "<group>";
		};
		40E6603A1C97DDED00D1FBB9 /* MainInterface.storyboard */ = {
			isa = PBXVariantGroup;
			children = (
				40E6603B1C97DDED00D1FBB9 /* Base */,
			);
			name = MainInterface.storyboard;
			sourceTree = "<group>";
		};
/* End PBXVariantGroup section */

/* Begin XCBuildConfiguration section */
		4084F4471B55967300C09160 /* Debug */ = {
			isa = XCBuildConfiguration;
			buildSettings = {
				ALWAYS_SEARCH_USER_PATHS = NO;
				CLANG_CXX_LANGUAGE_STANDARD = "gnu++0x";
				CLANG_CXX_LIBRARY = "libc++";
				CLANG_ENABLE_MODULES = YES;
				CLANG_ENABLE_OBJC_ARC = YES;
				CLANG_WARN_BOOL_CONVERSION = YES;
				CLANG_WARN_CONSTANT_CONVERSION = YES;
				CLANG_WARN_DIRECT_OBJC_ISA_USAGE = YES_ERROR;
				CLANG_WARN_EMPTY_BODY = YES;
				CLANG_WARN_ENUM_CONVERSION = YES;
				CLANG_WARN_INT_CONVERSION = YES;
				CLANG_WARN_OBJC_ROOT_CLASS = YES_ERROR;
				CLANG_WARN_UNREACHABLE_CODE = YES;
				CLANG_WARN__DUPLICATE_METHOD_MATCH = YES;
				"CODE_SIGN_IDENTITY[sdk=iphoneos*]" = "iPhone Developer";
				COPY_PHASE_STRIP = NO;
				DEBUG_INFORMATION_FORMAT = "dwarf-with-dsym";
				ENABLE_STRICT_OBJC_MSGSEND = YES;
				GCC_C_LANGUAGE_STANDARD = gnu99;
				GCC_DYNAMIC_NO_PIC = NO;
				GCC_NO_COMMON_BLOCKS = YES;
				GCC_OPTIMIZATION_LEVEL = 0;
				GCC_PREPROCESSOR_DEFINITIONS = (
					"DEBUG=1",
					"$(inherited)",
				);
				GCC_SYMBOLS_PRIVATE_EXTERN = NO;
				GCC_WARN_64_TO_32_BIT_CONVERSION = YES;
				GCC_WARN_ABOUT_RETURN_TYPE = YES_ERROR;
				GCC_WARN_UNDECLARED_SELECTOR = YES;
				GCC_WARN_UNINITIALIZED_AUTOS = YES_AGGRESSIVE;
				GCC_WARN_UNUSED_FUNCTION = YES;
				GCC_WARN_UNUSED_VARIABLE = YES;
				IPHONEOS_DEPLOYMENT_TARGET = 8.4;
				MTL_ENABLE_DEBUG_INFO = YES;
				ONLY_ACTIVE_ARCH = YES;
				SDKROOT = iphoneos;
			};
			name = Debug;
		};
		4084F4481B55967300C09160 /* Release */ = {
			isa = XCBuildConfiguration;
			buildSettings = {
				ALWAYS_SEARCH_USER_PATHS = NO;
				CLANG_CXX_LANGUAGE_STANDARD = "gnu++0x";
				CLANG_CXX_LIBRARY = "libc++";
				CLANG_ENABLE_MODULES = YES;
				CLANG_ENABLE_OBJC_ARC = YES;
				CLANG_WARN_BOOL_CONVERSION = YES;
				CLANG_WARN_CONSTANT_CONVERSION = YES;
				CLANG_WARN_DIRECT_OBJC_ISA_USAGE = YES_ERROR;
				CLANG_WARN_EMPTY_BODY = YES;
				CLANG_WARN_ENUM_CONVERSION = YES;
				CLANG_WARN_INT_CONVERSION = YES;
				CLANG_WARN_OBJC_ROOT_CLASS = YES_ERROR;
				CLANG_WARN_UNREACHABLE_CODE = YES;
				CLANG_WARN__DUPLICATE_METHOD_MATCH = YES;
				"CODE_SIGN_IDENTITY[sdk=iphoneos*]" = "iPhone Developer";
				COPY_PHASE_STRIP = NO;
				DEBUG_INFORMATION_FORMAT = "dwarf-with-dsym";
				ENABLE_NS_ASSERTIONS = NO;
				ENABLE_STRICT_OBJC_MSGSEND = YES;
				GCC_C_LANGUAGE_STANDARD = gnu99;
				GCC_NO_COMMON_BLOCKS = YES;
				GCC_WARN_64_TO_32_BIT_CONVERSION = YES;
				GCC_WARN_ABOUT_RETURN_TYPE = YES_ERROR;
				GCC_WARN_UNDECLARED_SELECTOR = YES;
				GCC_WARN_UNINITIALIZED_AUTOS = YES_AGGRESSIVE;
				GCC_WARN_UNUSED_FUNCTION = YES;
				GCC_WARN_UNUSED_VARIABLE = YES;
				IPHONEOS_DEPLOYMENT_TARGET = 8.4;
				MTL_ENABLE_DEBUG_INFO = NO;
				SDKROOT = iphoneos;
				VALIDATE_PRODUCT = YES;
			};
			name = Release;
		};
		4084F44A1B55967300C09160 /* Debug */ = {
			isa = XCBuildConfiguration;
			baseConfigurationReference = 3AAAD5579825A3BC0E1446CD /* Pods-WebviewDemo.debug.xcconfig */;
			buildSettings = {
				ASSETCATALOG_COMPILER_APPICON_NAME = AppIcon;
				"CODE_SIGN_IDENTITY[sdk=iphoneos*]" = "iPhone Developer";
				DEVELOPMENT_TEAM = 5UQP3KFKSX;
				INFOPLIST_FILE = WebviewDemo/Info.plist;
				IPHONEOS_DEPLOYMENT_TARGET = 8.0;
				LD_RUNPATH_SEARCH_PATHS = "$(inherited) @executable_path/Frameworks";
				PRODUCT_BUNDLE_IDENTIFIER = test.ltryee.WebviewDemo;
				PRODUCT_NAME = "$(TARGET_NAME)";
				TARGETED_DEVICE_FAMILY = "1,2";
			};
			name = Debug;
		};
		4084F44B1B55967300C09160 /* Release */ = {
			isa = XCBuildConfiguration;
			baseConfigurationReference = 5EE5321E0B78F8709C726264 /* Pods-WebviewDemo.release.xcconfig */;
			buildSettings = {
				ASSETCATALOG_COMPILER_APPICON_NAME = AppIcon;
				"CODE_SIGN_IDENTITY[sdk=iphoneos*]" = "iPhone Developer";
				DEVELOPMENT_TEAM = 5UQP3KFKSX;
				INFOPLIST_FILE = WebviewDemo/Info.plist;
				IPHONEOS_DEPLOYMENT_TARGET = 8.0;
				LD_RUNPATH_SEARCH_PATHS = "$(inherited) @executable_path/Frameworks";
				PRODUCT_BUNDLE_IDENTIFIER = test.ltryee.WebviewDemo;
				PRODUCT_NAME = "$(TARGET_NAME)";
				TARGETED_DEVICE_FAMILY = "1,2";
			};
			name = Release;
		};
		4084F44D1B55967300C09160 /* Debug */ = {
			isa = XCBuildConfiguration;
			baseConfigurationReference = 94EDEC3A63E133ACC41A2AEF /* Pods-WebviewDemoTests.debug.xcconfig */;
			buildSettings = {
				BUNDLE_LOADER = "$(TEST_HOST)";
				FRAMEWORK_SEARCH_PATHS = (
					"$(SDKROOT)/Developer/Library/Frameworks",
					"$(inherited)",
				);
				GCC_PREPROCESSOR_DEFINITIONS = (
					"DEBUG=1",
					"$(inherited)",
				);
				INFOPLIST_FILE = WebviewDemoTests/Info.plist;
				LD_RUNPATH_SEARCH_PATHS = "$(inherited) @executable_path/Frameworks @loader_path/Frameworks";
				PRODUCT_NAME = "$(TARGET_NAME)";
				TEST_HOST = "$(BUILT_PRODUCTS_DIR)/WebviewDemo.app/WebviewDemo";
			};
			name = Debug;
		};
		4084F44E1B55967300C09160 /* Release */ = {
			isa = XCBuildConfiguration;
			baseConfigurationReference = 6BBC631581E5C75B4A76911A /* Pods-WebviewDemoTests.release.xcconfig */;
			buildSettings = {
				BUNDLE_LOADER = "$(TEST_HOST)";
				FRAMEWORK_SEARCH_PATHS = (
					"$(SDKROOT)/Developer/Library/Frameworks",
					"$(inherited)",
				);
				INFOPLIST_FILE = WebviewDemoTests/Info.plist;
				LD_RUNPATH_SEARCH_PATHS = "$(inherited) @executable_path/Frameworks @loader_path/Frameworks";
				PRODUCT_NAME = "$(TARGET_NAME)";
				TEST_HOST = "$(BUILT_PRODUCTS_DIR)/WebviewDemo.app/WebviewDemo";
			};
			name = Release;
		};
		40E6602D1C97D29E00D1FBB9 /* Debug */ = {
			isa = XCBuildConfiguration;
			baseConfigurationReference = 98F25F3CC892BCA5E37E8958 /* Pods-ShareLinks.debug.xcconfig */;
			buildSettings = {
				DEBUG_INFORMATION_FORMAT = dwarf;
				DEVELOPMENT_TEAM = 5UQP3KFKSX;
				ENABLE_TESTABILITY = YES;
				INFOPLIST_FILE = ShareLinks/Info.plist;
				IPHONEOS_DEPLOYMENT_TARGET = 9.2;
				LD_RUNPATH_SEARCH_PATHS = "$(inherited) @executable_path/Frameworks @executable_path/../../Frameworks";
				PRODUCT_BUNDLE_IDENTIFIER = test.ltryee.WebviewDemo.ShareLinks;
				PRODUCT_NAME = "$(TARGET_NAME)";
				SKIP_INSTALL = YES;
				TARGETED_DEVICE_FAMILY = "1,2";
			};
			name = Debug;
		};
		40E6602E1C97D29E00D1FBB9 /* Release */ = {
			isa = XCBuildConfiguration;
			baseConfigurationReference = 59EA0BC5E16CA11E272F0D51 /* Pods-ShareLinks.release.xcconfig */;
			buildSettings = {
				DEVELOPMENT_TEAM = 5UQP3KFKSX;
				INFOPLIST_FILE = ShareLinks/Info.plist;
				IPHONEOS_DEPLOYMENT_TARGET = 9.2;
				LD_RUNPATH_SEARCH_PATHS = "$(inherited) @executable_path/Frameworks @executable_path/../../Frameworks";
				PRODUCT_BUNDLE_IDENTIFIER = test.ltryee.WebviewDemo.ShareLinks;
				PRODUCT_NAME = "$(TARGET_NAME)";
				SKIP_INSTALL = YES;
				TARGETED_DEVICE_FAMILY = "1,2";
			};
			name = Release;
		};
		40E660421C97DDED00D1FBB9 /* Debug */ = {
			isa = XCBuildConfiguration;
			baseConfigurationReference = 8538C39A7B205C1E6CBFC638 /* Pods-Share.debug.xcconfig */;
			buildSettings = {
				ASSETCATALOG_COMPILER_APPICON_NAME = AppIcon;
				ASSETCATALOG_COMPILER_LAUNCHIMAGE_NAME = "Brand Assets";
				DEBUG_INFORMATION_FORMAT = dwarf;
				DEVELOPMENT_TEAM = 5UQP3KFKSX;
				ENABLE_TESTABILITY = YES;
				INFOPLIST_FILE = Share/Info.plist;
				IPHONEOS_DEPLOYMENT_TARGET = 8.1;
				LD_RUNPATH_SEARCH_PATHS = "$(inherited) @executable_path/Frameworks @executable_path/../../Frameworks";
				PRODUCT_BUNDLE_IDENTIFIER = test.ltryee.WebviewDemo.Share;
				PRODUCT_NAME = "$(TARGET_NAME)";
				SKIP_INSTALL = YES;
				TARGETED_DEVICE_FAMILY = "1,2";
			};
			name = Debug;
		};
		40E660431C97DDED00D1FBB9 /* Release */ = {
			isa = XCBuildConfiguration;
			baseConfigurationReference = 8455568E95EE7E1802B05B86 /* Pods-Share.release.xcconfig */;
			buildSettings = {
				ASSETCATALOG_COMPILER_APPICON_NAME = AppIcon;
				ASSETCATALOG_COMPILER_LAUNCHIMAGE_NAME = "Brand Assets";
				DEVELOPMENT_TEAM = 5UQP3KFKSX;
				INFOPLIST_FILE = Share/Info.plist;
				IPHONEOS_DEPLOYMENT_TARGET = 8.1;
				LD_RUNPATH_SEARCH_PATHS = "$(inherited) @executable_path/Frameworks @executable_path/../../Frameworks";
				PRODUCT_BUNDLE_IDENTIFIER = test.ltryee.WebviewDemo.Share;
				PRODUCT_NAME = "$(TARGET_NAME)";
				SKIP_INSTALL = YES;
				TARGETED_DEVICE_FAMILY = "1,2";
			};
			name = Release;
		};
/* End XCBuildConfiguration section */

/* Begin XCConfigurationList section */
		4084F4211B55967300C09160 /* Build configuration list for PBXProject "WebviewDemo" */ = {
			isa = XCConfigurationList;
			buildConfigurations = (
				4084F4471B55967300C09160 /* Debug */,
				4084F4481B55967300C09160 /* Release */,
			);
			defaultConfigurationIsVisible = 0;
			defaultConfigurationName = Release;
		};
		4084F4491B55967300C09160 /* Build configuration list for PBXNativeTarget "WebviewDemo" */ = {
			isa = XCConfigurationList;
			buildConfigurations = (
				4084F44A1B55967300C09160 /* Debug */,
				4084F44B1B55967300C09160 /* Release */,
			);
			defaultConfigurationIsVisible = 0;
			defaultConfigurationName = Release;
		};
		4084F44C1B55967300C09160 /* Build configuration list for PBXNativeTarget "WebviewDemoTests" */ = {
			isa = XCConfigurationList;
			buildConfigurations = (
				4084F44D1B55967300C09160 /* Debug */,
				4084F44E1B55967300C09160 /* Release */,
			);
			defaultConfigurationIsVisible = 0;
			defaultConfigurationName = Release;
		};
		40E6602F1C97D29E00D1FBB9 /* Build configuration list for PBXNativeTarget "ShareLinks" */ = {
			isa = XCConfigurationList;
			buildConfigurations = (
				40E6602D1C97D29E00D1FBB9 /* Debug */,
				40E6602E1C97D29E00D1FBB9 /* Release */,
			);
			defaultConfigurationIsVisible = 0;
			defaultConfigurationName = Release;
		};
		40E660411C97DDED00D1FBB9 /* Build configuration list for PBXNativeTarget "Share" */ = {
			isa = XCConfigurationList;
			buildConfigurations = (
				40E660421C97DDED00D1FBB9 /* Debug */,
				40E660431C97DDED00D1FBB9 /* Release */,
			);
			defaultConfigurationIsVisible = 0;
			defaultConfigurationName = Release;
		};
/* End XCConfigurationList section */
	};
	rootObject = 4084F41E1B55967300C09160 /* Project object */;
}
